
Microsoft Visual Studio Solution File, Format Version 12.00
# Visual Studio Version 16
VisualStudioVersion = 16.0.32228.343
MinimumVisualStudioVersion = 10.0.40219.1
Project("{9A19103F-16F7-4668-BE54-9A1E7A4F7556}") = "Assignment_3_TransactionTest", "Assignment_2_ClassLibrary\Assignment_3_TransactionTest.csproj", "{774CCD27-8DE4-48FF-BB26-AC5471D54F97}"
EndProject
Project("{9A19103F-16F7-4668-BE54-9A1E7A4F7556}") = "TransactionDetails", "TransactionDetails\TransactionDetails.csproj", "{6D3FD560-0D95-4C9E-BDB4-568971736B05}"
EndProject
Project("{9A19103F-16F7-4668-BE54-9A1E7A4F7556}") = "TransactionTest", "TransactionTest\TransactionTest.csproj", "{5BE12D9A-4D46-49EE-8992-25700E45C6AE}"
EndProject
Global
	GlobalSection(SolutionConfigurationPlatforms) = preSolution
		Debug|Any CPU = Debug|Any CPU
		Release|Any CPU = Release|Any CPU
	EndGlobalSection
	GlobalSection(ProjectConfigurationPlatforms) = postSolution
		{774CCD27-8DE4-48FF-BB26-AC5471D54F97}.Debug|Any CPU.ActiveCfg = Debug|Any CPU
		{774CCD27-8DE4-48FF-BB26-AC5471D54F97}.Debug|Any CPU.Build.0 = Debug|Any CPU
		{774CCD27-8DE4-48FF-BB26-AC5471D54F97}.Release|Any CPU.ActiveCfg = Release|Any CPU
		{774CCD27-8DE4-48FF-BB26-AC5471D54F97}.Release|Any CPU.Build.0 = Release|Any CPU
		{6D3FD560-0D95-4C9E-BDB4-568971736B05}.Debug|Any CPU.ActiveCfg = Debug|Any CPU
		{6D3FD560-0D95-4C9E-BDB4-568971736B05}.Debug|Any CPU.Build.0 = Debug|Any CPU
		{6D3FD560-0D95-4C9E-BDB4-568971736B05}.Release|Any CPU.ActiveCfg = Release|Any CPU
		{6D3FD560-0D95-4C9E-BDB4-568971736B05}.Release|Any CPU.Build.0 = Release|Any CPU
		{5BE12D9A-4D46-49EE-8992-25700E45C6AE}.Debug|Any CPU.ActiveCfg = Debug|Any CPU
		{5BE12D9A-4D46-49EE-8992-25700E45C6AE}.Debug|Any CPU.Build.0 = Debug|Any CPU
		{5BE12D9A-4D46-49EE-8992-25700E45C6AE}.Release|Any CPU.ActiveCfg = Release|Any CPU
		{5BE12D9A-4D46-49EE-8992-25700E45C6AE}.Release|Any CPU.Build.0 = Release|Any CPU
	EndGlobalSection
	GlobalSection(SolutionProperties) = preSolution
		HideSolutionNode = FALSE
	EndGlobalSection
	GlobalSection(ExtensibilityGlobals) = postSolution
		SolutionGuid = {0FC51603-2C01-49D0-B2D1-DC7BEDC3A4CB}
	EndGlobalSection
EndGlobal
